// !$*UTF8*$!
{
	archiveVersion = 1;
	classes = {
	};
	objectVersion = 50;
	objects = {

/* Begin PBXBuildFile section */
		D70A4A1926209ED9001D969B /* Model.swift in Sources */ = {isa = PBXBuildFile; fileRef = D70A4A1826209ED9001D969B /* Model.swift */; };
		D70A4A1E2620AFC1001D969B /* RestApi.swift in Sources */ = {isa = PBXBuildFile; fileRef = D70A4A1D2620AFC1001D969B /* RestApi.swift */; };
		D769AA3E260E19F900762FBF /* AppDelegate.swift in Sources */ = {isa = PBXBuildFile; fileRef = D769AA3D260E19F900762FBF /* AppDelegate.swift */; };
		D769AA40260E19F900762FBF /* SceneDelegate.swift in Sources */ = {isa = PBXBuildFile; fileRef = D769AA3F260E19F900762FBF /* SceneDelegate.swift */; };
		D769AA42260E19F900762FBF /* ViewController.swift in Sources */ = {isa = PBXBuildFile; fileRef = D769AA41260E19F900762FBF /* ViewController.swift */; };
		D769AA45260E19F900762FBF /* Main.storyboard in Resources */ = {isa = PBXBuildFile; fileRef = D769AA43260E19F900762FBF /* Main.storyboard */; };
		D769AA47260E19FC00762FBF /* Assets.xcassets in Resources */ = {isa = PBXBuildFile; fileRef = D769AA46260E19FC00762FBF /* Assets.xcassets */; };
		D769AA4A260E19FC00762FBF /* LaunchScreen.storyboard in Resources */ = {isa = PBXBuildFile; fileRef = D769AA48260E19FC00762FBF /* LaunchScreen.storyboard */; };
		D769AA55260E19FD00762FBF /* ReactiveSwiftConquerTests.swift in Sources */ = {isa = PBXBuildFile; fileRef = D769AA54260E19FD00762FBF /* ReactiveSwiftConquerTests.swift */; };
		D769AA60260E19FD00762FBF /* ReactiveSwiftConquerUITests.swift in Sources */ = {isa = PBXBuildFile; fileRef = D769AA5F260E19FD00762FBF /* ReactiveSwiftConquerUITests.swift */; };
		D7ADBDCD2625F7D200ED26EC /* Maths.swift in Sources */ = {isa = PBXBuildFile; fileRef = D7ADBDCC2625F7D100ED26EC /* Maths.swift */; };
/* End PBXBuildFile section */

/* Begin PBXContainerItemProxy section */
		D769AA51260E19FC00762FBF /* PBXContainerItemProxy */ = {
			isa = PBXContainerItemProxy;
			containerPortal = D769AA32260E19F900762FBF /* Project object */;
			proxyType = 1;
			remoteGlobalIDString = D769AA39260E19F900762FBF;
			remoteInfo = ReactiveSwiftConquer;
		};
		D769AA5C260E19FD00762FBF /* PBXContainerItemProxy */ = {
			isa = PBXContainerItemProxy;
			containerPortal = D769AA32260E19F900762FBF /* Project object */;
			proxyType = 1;
			remoteGlobalIDString = D769AA39260E19F900762FBF;
			remoteInfo = ReactiveSwiftConquer;
		};
/* End PBXContainerItemProxy section */

/* Begin PBXFileReference section */
		D70A4A1826209ED9001D969B /* Model.swift */ = {isa = PBXFileReference; lastKnownFileType = sourcecode.swift; path = Model.swift; sourceTree = "<group>"; };
		D70A4A1D2620AFC1001D969B /* RestApi.swift */ = {isa = PBXFileReference; lastKnownFileType = sourcecode.swift; path = RestApi.swift; sourceTree = "<group>"; };
		D769AA3A260E19F900762FBF /* ReactiveSwiftConquer.app */ = {isa = PBXFileReference; explicitFileType = wrapper.application; includeInIndex = 0; path = ReactiveSwiftConquer.app; sourceTree = BUILT_PRODUCTS_DIR; };
		D769AA3D260E19F900762FBF /* AppDelegate.swift */ = {isa = PBXFileReference; lastKnownFileType = sourcecode.swift; path = AppDelegate.swift; sourceTree = "<group>"; };
		D769AA3F260E19F900762FBF /* SceneDelegate.swift */ = {isa = PBXFileReference; lastKnownFileType = sourcecode.swift; path = SceneDelegate.swift; sourceTree = "<group>"; };
		D769AA41260E19F900762FBF /* ViewController.swift */ = {isa = PBXFileReference; lastKnownFileType = sourcecode.swift; path = ViewController.swift; sourceTree = "<group>"; };
		D769AA44260E19F900762FBF /* Base */ = {isa = PBXFileReference; lastKnownFileType = file.storyboard; name = Base; path = Base.lproj/Main.storyboard; sourceTree = "<group>"; };
		D769AA46260E19FC00762FBF /* Assets.xcassets */ = {isa = PBXFileReference; lastKnownFileType = folder.assetcatalog; path = Assets.xcassets; sourceTree = "<group>"; };
		D769AA49260E19FC00762FBF /* Base */ = {isa = PBXFileReference; lastKnownFileType = file.storyboard; name = Base; path = Base.lproj/LaunchScreen.storyboard; sourceTree = "<group>"; };
		D769AA4B260E19FC00762FBF /* Info.plist */ = {isa = PBXFileReference; lastKnownFileType = text.plist.xml; path = Info.plist; sourceTree = "<group>"; };
		D769AA50260E19FC00762FBF /* ReactiveSwiftConquerTests.xctest */ = {isa = PBXFileReference; explicitFileType = wrapper.cfbundle; includeInIndex = 0; path = ReactiveSwiftConquerTests.xctest; sourceTree = BUILT_PRODUCTS_DIR; };
		D769AA54260E19FD00762FBF /* ReactiveSwiftConquerTests.swift */ = {isa = PBXFileReference; lastKnownFileType = sourcecode.swift; path = ReactiveSwiftConquerTests.swift; sourceTree = "<group>"; };
		D769AA56260E19FD00762FBF /* Info.plist */ = {isa = PBXFileReference; lastKnownFileType = text.plist.xml; path = Info.plist; sourceTree = "<group>"; };
		D769AA5B260E19FD00762FBF /* ReactiveSwiftConquerUITests.xctest */ = {isa = PBXFileReference; explicitFileType = wrapper.cfbundle; includeInIndex = 0; path = ReactiveSwiftConquerUITests.xctest; sourceTree = BUILT_PRODUCTS_DIR; };
		D769AA5F260E19FD00762FBF /* ReactiveSwiftConquerUITests.swift */ = {isa = PBXFileReference; lastKnownFileType = sourcecode.swift; path = ReactiveSwiftConquerUITests.swift; sourceTree = "<group>"; };
		D769AA61260E19FD00762FBF /* Info.plist */ = {isa = PBXFileReference; lastKnownFileType = text.plist.xml; path = Info.plist; sourceTree = "<group>"; };
		D7ADBDCC2625F7D100ED26EC /* Maths.swift */ = {isa = PBXFileReference; lastKnownFileType = sourcecode.swift; path = Maths.swift; sourceTree = "<group>"; };
/* End PBXFileReference section */

/* Begin PBXFrameworksBuildPhase section */
		D769AA37260E19F900762FBF /* Frameworks */ = {
			isa = PBXFrameworksBuildPhase;
			buildActionMask = 2147483647;
			files = (
			);
			runOnlyForDeploymentPostprocessing = 0;
		};
		D769AA4D260E19FC00762FBF /* Frameworks */ = {
			isa = PBXFrameworksBuildPhase;
			buildActionMask = 2147483647;
			files = (
			);
			runOnlyForDeploymentPostprocessing = 0;
		};
		D769AA58260E19FD00762FBF /* Frameworks */ = {
			isa = PBXFrameworksBuildPhase;
			buildActionMask = 2147483647;
			files = (
			);
			runOnlyForDeploymentPostprocessing = 0;
		};
/* End PBXFrameworksBuildPhase section */

/* Begin PBXGroup section */
		D769AA31260E19F900762FBF = {
			isa = PBXGroup;
			children = (
				D769AA3C260E19F900762FBF /* ReactiveSwiftConquer */,
				D769AA53260E19FD00762FBF /* ReactiveSwiftConquerTests */,
				D769AA5E260E19FD00762FBF /* ReactiveSwiftConquerUITests */,
				D769AA3B260E19F900762FBF /* Products */,
			);
			sourceTree = "<group>";
		};
		D769AA3B260E19F900762FBF /* Products */ = {
			isa = PBXGroup;
			children = (
				D769AA3A260E19F900762FBF /* ReactiveSwiftConquer.app */,
				D769AA50260E19FC00762FBF /* ReactiveSwiftConquerTests.xctest */,
				D769AA5B260E19FD00762FBF /* ReactiveSwiftConquerUITests.xctest */,
			);
			name = Products;
			sourceTree = "<group>";
		};
		D769AA3C260E19F900762FBF /* ReactiveSwiftConquer */ = {
			isa = PBXGroup;
			children = (
				D769AA3D260E19F900762FBF /* AppDelegate.swift */,
				D769AA3F260E19F900762FBF /* SceneDelegate.swift */,
				D769AA41260E19F900762FBF /* ViewController.swift */,
				D7ADBDCC2625F7D100ED26EC /* Maths.swift */,
				D769AA43260E19F900762FBF /* Main.storyboard */,
				D769AA46260E19FC00762FBF /* Assets.xcassets */,
				D769AA48260E19FC00762FBF /* LaunchScreen.storyboard */,
				D769AA4B260E19FC00762FBF /* Info.plist */,
				D70A4A1826209ED9001D969B /* Model.swift */,
				D70A4A1D2620AFC1001D969B /* RestApi.swift */,
			);
			path = ReactiveSwiftConquer;
			sourceTree = "<group>";
		};
		D769AA53260E19FD00762FBF /* ReactiveSwiftConquerTests */ = {
			isa = PBXGroup;
			children = (
				D769AA54260E19FD00762FBF /* ReactiveSwiftConquerTests.swift */,
				D769AA56260E19FD00762FBF /* Info.plist */,
			);
			path = ReactiveSwiftConquerTests;
			sourceTree = "<group>";
		};
		D769AA5E260E19FD00762FBF /* ReactiveSwiftConquerUITests */ = {
			isa = PBXGroup;
			children = (
				D769AA5F260E19FD00762FBF /* ReactiveSwiftConquerUITests.swift */,
				D769AA61260E19FD00762FBF /* Info.plist */,
			);
			path = ReactiveSwiftConquerUITests;
			sourceTree = "<group>";
		};
/* End PBXGroup section */

/* Begin PBXNativeTarget section */
		D769AA39260E19F900762FBF /* ReactiveSwiftConquer */ = {
			isa = PBXNativeTarget;
			buildConfigurationList = D769AA64260E19FD00762FBF /* Build configuration list for PBXNativeTarget "ReactiveSwiftConquer" */;
			buildPhases = (
				D769AA36260E19F900762FBF /* Sources */,
				D769AA37260E19F900762FBF /* Frameworks */,
				D769AA38260E19F900762FBF /* Resources */,
			);
			buildRules = (
			);
			dependencies = (
			);
			name = ReactiveSwiftConquer;
			productName = ReactiveSwiftConquer;
			productReference = D769AA3A260E19F900762FBF /* ReactiveSwiftConquer.app */;
			productType = "com.apple.product-type.application";
		};
		D769AA4F260E19FC00762FBF /* ReactiveSwiftConquerTests */ = {
			isa = PBXNativeTarget;
			buildConfigurationList = D769AA67260E19FD00762FBF /* Build configuration list for PBXNativeTarget "ReactiveSwiftConquerTests" */;
			buildPhases = (
				D769AA4C260E19FC00762FBF /* Sources */,
				D769AA4D260E19FC00762FBF /* Frameworks */,
				D769AA4E260E19FC00762FBF /* Resources */,
			);
			buildRules = (
			);
			dependencies = (
				D769AA52260E19FC00762FBF /* PBXTargetDependency */,
			);
			name = ReactiveSwiftConquerTests;
			productName = ReactiveSwiftConquerTests;
			productReference = D769AA50260E19FC00762FBF /* ReactiveSwiftConquerTests.xctest */;
			productType = "com.apple.product-type.bundle.unit-test";
		};
		D769AA5A260E19FD00762FBF /* ReactiveSwiftConquerUITests */ = {
			isa = PBXNativeTarget;
			buildConfigurationList = D769AA6A260E19FD00762FBF /* Build configuration list for PBXNativeTarget "ReactiveSwiftConquerUITests" */;
			buildPhases = (
				D769AA57260E19FD00762FBF /* Sources */,
				D769AA58260E19FD00762FBF /* Frameworks */,
				D769AA59260E19FD00762FBF /* Resources */,
			);
			buildRules = (
			);
			dependencies = (
				D769AA5D260E19FD00762FBF /* PBXTargetDependency */,
			);
			name = ReactiveSwiftConquerUITests;
			productName = ReactiveSwiftConquerUITests;
			productReference = D769AA5B260E19FD00762FBF /* ReactiveSwiftConquerUITests.xctest */;
			productType = "com.apple.product-type.bundle.ui-testing";
		};
/* End PBXNativeTarget section */

/* Begin PBXProject section */
		D769AA32260E19F900762FBF /* Project object */ = {
			isa = PBXProject;
			attributes = {
				LastSwiftUpdateCheck = 1220;
				LastUpgradeCheck = 1220;
				TargetAttributes = {
					D769AA39260E19F900762FBF = {
						CreatedOnToolsVersion = 12.2;
					};
					D769AA4F260E19FC00762FBF = {
						CreatedOnToolsVersion = 12.2;
						TestTargetID = D769AA39260E19F900762FBF;
					};
					D769AA5A260E19FD00762FBF = {
						CreatedOnToolsVersion = 12.2;
						TestTargetID = D769AA39260E19F900762FBF;
					};
				};
			};
			buildConfigurationList = D769AA35260E19F900762FBF /* Build configuration list for PBXProject "ReactiveSwiftConquer" */;
			compatibilityVersion = "Xcode 9.3";
			developmentRegion = en;
			hasScannedForEncodings = 0;
			knownRegions = (
				en,
				Base,
			);
			mainGroup = D769AA31260E19F900762FBF;
			productRefGroup = D769AA3B260E19F900762FBF /* Products */;
			projectDirPath = "";
			projectRoot = "";
			targets = (
				D769AA39260E19F900762FBF /* ReactiveSwiftConquer */,
				D769AA4F260E19FC00762FBF /* ReactiveSwiftConquerTests */,
				D769AA5A260E19FD00762FBF /* ReactiveSwiftConquerUITests */,
			);
		};
/* End PBXProject section */

/* Begin PBXResourcesBuildPhase section */
		D769AA38260E19F900762FBF /* Resources */ = {
			isa = PBXResourcesBuildPhase;
			buildActionMask = 2147483647;
			files = (
				D769AA4A260E19FC00762FBF /* LaunchScreen.storyboard in Resources */,
				D769AA47260E19FC00762FBF /* Assets.xcassets in Resources */,
				D769AA45260E19F900762FBF /* Main.storyboard in Resources */,
			);
			runOnlyForDeploymentPostprocessing = 0;
		};
		D769AA4E260E19FC00762FBF /* Resources */ = {
			isa = PBXResourcesBuildPhase;
			buildActionMask = 2147483647;
			files = (
			);
			runOnlyForDeploymentPostprocessing = 0;
		};
		D769AA59260E19FD00762FBF /* Resources */ = {
			isa = PBXResourcesBuildPhase;
			buildActionMask = 2147483647;
			files = (
			);
			runOnlyForDeploymentPostprocessing = 0;
		};
/* End PBXResourcesBuildPhase section */

/* Begin PBXSourcesBuildPhase section */
		D769AA36260E19F900762FBF /* Sources */ = {
			isa = PBXSourcesBuildPhase;
			buildActionMask = 2147483647;
			files = (
				D70A4A1E2620AFC1001D969B /* RestApi.swift in Sources */,
				D7ADBDCD2625F7D200ED26EC /* Maths.swift in Sources */,
				D769AA42260E19F900762FBF /* ViewController.swift in Sources */,
				D769AA3E260E19F900762FBF /* AppDelegate.swift in Sources */,
				D769AA40260E19F900762FBF /* SceneDelegate.swift in Sources */,
				D70A4A1926209ED9001D969B /* Model.swift in Sources */,
			);
			runOnlyForDeploymentPostprocessing = 0;
		};
		D769AA4C260E19FC00762FBF /* Sources */ = {
			isa = PBXSourcesBuildPhase;
			buildActionMask = 2147483647;
			files = (
				D769AA55260E19FD00762FBF /* ReactiveSwiftConquerTests.swift in Sources */,
			);
			runOnlyForDeploymentPostprocessing = 0;
		};
		D769AA57260E19FD00762FBF /* Sources */ = {
			isa = PBXSourcesBuildPhase;
			buildActionMask = 2147483647;
			files = (
				D769AA60260E19FD00762FBF /* ReactiveSwiftConquerUITests.swift in Sources */,
			);
			runOnlyForDeploymentPostprocessing = 0;
		};
/* End PBXSourcesBuildPhase section */

/* Begin PBXTargetDependency section */
		D769AA52260E19FC00762FBF /* PBXTargetDependency */ = {
			isa = PBXTargetDependency;
			target = D769AA39260E19F900762FBF /* ReactiveSwiftConquer */;
			targetProxy = D769AA51260E19FC00762FBF /* PBXContainerItemProxy */;
		};
		D769AA5D260E19FD00762FBF /* PBXTargetDependency */ = {
			isa = PBXTargetDependency;
			target = D769AA39260E19F900762FBF /* ReactiveSwiftConquer */;
			targetProxy = D769AA5C260E19FD00762FBF /* PBXContainerItemProxy */;
		};
/* End PBXTargetDependency section */

/* Begin PBXVariantGroup section */
		D769AA43260E19F900762FBF /* Main.storyboard */ = {
			isa = PBXVariantGroup;
			children = (
				D769AA44260E19F900762FBF /* Base */,
			);
			name = Main.storyboard;
			sourceTree = "<group>";
		};
		D769AA48260E19FC00762FBF /* LaunchScreen.storyboard */ = {
			isa = PBXVariantGroup;
			children = (
				D769AA49260E19FC00762FBF /* Base */,
			);
			name = LaunchScreen.storyboard;
			sourceTree = "<group>";
		};
/* End PBXVariantGroup section */

/* Begin XCBuildConfiguration section */
		D769AA62260E19FD00762FBF /* Debug */ = {
			isa = XCBuildConfiguration;
			buildSettings = {
				ALWAYS_SEARCH_USER_PATHS = NO;
				CLANG_ANALYZER_NONNULL = YES;
				CLANG_ANALYZER_NUMBER_OBJECT_CONVERSION = YES_AGGRESSIVE;
				CLANG_CXX_LANGUAGE_STANDARD = "gnu++14";
				CLANG_CXX_LIBRARY = "libc++";
				CLANG_ENABLE_MODULES = YES;
				CLANG_ENABLE_OBJC_ARC = YES;
				CLANG_ENABLE_OBJC_WEAK = YES;
				CLANG_WARN_BLOCK_CAPTURE_AUTORELEASING = YES;
				CLANG_WARN_BOOL_CONVERSION = YES;
				CLANG_WARN_COMMA = YES;
				CLANG_WARN_CONSTANT_CONVERSION = YES;
				CLANG_WARN_DEPRECATED_OBJC_IMPLEMENTATIONS = YES;
				CLANG_WARN_DIRECT_OBJC_ISA_USAGE = YES_ERROR;
				CLANG_WARN_DOCUMENTATION_COMMENTS = YES;
				CLANG_WARN_EMPTY_BODY = YES;
				CLANG_WARN_ENUM_CONVERSION = YES;
				CLANG_WARN_INFINITE_RECURSION = YES;
				CLANG_WARN_INT_CONVERSION = YES;
				CLANG_WARN_NON_LITERAL_NULL_CONVERSION = YES;
				CLANG_WARN_OBJC_IMPLICIT_RETAIN_SELF = YES;
				CLANG_WARN_OBJC_LITERAL_CONVERSION = YES;
				CLANG_WARN_OBJC_ROOT_CLASS = YES_ERROR;
				CLANG_WARN_QUOTED_INCLUDE_IN_FRAMEWORK_HEADER = YES;
				CLANG_WARN_RANGE_LOOP_ANALYSIS = YES;
				CLANG_WARN_STRICT_PROTOTYPES = YES;
				CLANG_WARN_SUSPICIOUS_MOVE = YES;
				CLANG_WARN_UNGUARDED_AVAILABILITY = YES_AGGRESSIVE;
				CLANG_WARN_UNREACHABLE_CODE = YES;
				CLANG_WARN__DUPLICATE_METHOD_MATCH = YES;
				COPY_PHASE_STRIP = NO;
				DEBUG_INFORMATION_FORMAT = dwarf;
				ENABLE_STRICT_OBJC_MSGSEND = YES;
				ENABLE_TESTABILITY = YES;
				GCC_C_LANGUAGE_STANDARD = gnu11;
				GCC_DYNAMIC_NO_PIC = NO;
				GCC_NO_COMMON_BLOCKS = YES;
				GCC_OPTIMIZATION_LEVEL = 0;
				GCC_PREPROCESSOR_DEFINITIONS = (
					"DEBUG=1",
					"$(inherited)",
				);
				GCC_WARN_64_TO_32_BIT_CONVERSION = YES;
				GCC_WARN_ABOUT_RETURN_TYPE = YES_ERROR;
				GCC_WARN_UNDECLARED_SELECTOR = YES;
				GCC_WARN_UNINITIALIZED_AUTOS = YES_AGGRESSIVE;
				GCC_WARN_UNUSED_FUNCTION = YES;
				GCC_WARN_UNUSED_VARIABLE = YES;
				IPHONEOS_DEPLOYMENT_TARGET = 14.2;
				MTL_ENABLE_DEBUG_INFO = INCLUDE_SOURCE;
				MTL_FAST_MATH = YES;
				ONLY_ACTIVE_ARCH = YES;
				SDKROOT = iphoneos;
				SWIFT_ACTIVE_COMPILATION_CONDITIONS = DEBUG;
				SWIFT_OPTIMIZATION_LEVEL = "-Onone";
			};
			name = Debug;
		};
		D769AA63260E19FD00762FBF /* Release */ = {
			isa = XCBuildConfiguration;
			buildSettings = {
				ALWAYS_SEARCH_USER_PATHS = NO;
				CLANG_ANALYZER_NONNULL = YES;
				CLANG_ANALYZER_NUMBER_OBJECT_CONVERSION = YES_AGGRESSIVE;
				CLANG_CXX_LANGUAGE_STANDARD = "gnu++14";
				CLANG_CXX_LIBRARY = "libc++";
				CLANG_ENABLE_MODULES = YES;
				CLANG_ENABLE_OBJC_ARC = YES;
				CLANG_ENABLE_OBJC_WEAK = YES;
				CLANG_WARN_BLOCK_CAPTURE_AUTORELEASING = YES;
				CLANG_WARN_BOOL_CONVERSION = YES;
				CLANG_WARN_COMMA = YES;
				CLANG_WARN_CONSTANT_CONVERSION = YES;
				CLANG_WARN_DEPRECATED_OBJC_IMPLEMENTATIONS = YES;
				CLANG_WARN_DIRECT_OBJC_ISA_USAGE = YES_ERROR;
				CLANG_WARN_DOCUMENTATION_COMMENTS = YES;
				CLANG_WARN_EMPTY_BODY = YES;
				CLANG_WARN_ENUM_CONVERSION = YES;
				CLANG_WARN_INFINITE_RECURSION = YES;
				CLANG_WARN_INT_CONVERSION = YES;
				CLANG_WARN_NON_LITERAL_NULL_CONVERSION = YES;
				CLANG_WARN_OBJC_IMPLICIT_RETAIN_SELF = YES;
				CLANG_WARN_OBJC_LITERAL_CONVERSION = YES;
				CLANG_WARN_OBJC_ROOT_CLASS = YES_ERROR;
				CLANG_WARN_QUOTED_INCLUDE_IN_FRAMEWORK_HEADER = YES;
				CLANG_WARN_RANGE_LOOP_ANALYSIS = YES;
				CLANG_WARN_STRICT_PROTOTYPES = YES;
				CLANG_WARN_SUSPICIOUS_MOVE = YES;
				CLANG_WARN_UNGUARDED_AVAILABILITY = YES_AGGRESSIVE;
				CLANG_WARN_UNREACHABLE_CODE = YES;
				CLANG_WARN__DUPLICATE_METHOD_MATCH = YES;
				COPY_PHASE_STRIP = NO;
				DEBUG_INFORMATION_FORMAT = "dwarf-with-dsym";
				ENABLE_NS_ASSERTIONS = NO;
				ENABLE_STRICT_OBJC_MSGSEND = YES;
				GCC_C_LANGUAGE_STANDARD = gnu11;
				GCC_NO_COMMON_BLOCKS = YES;
				GCC_WARN_64_TO_32_BIT_CONVERSION = YES;
				GCC_WARN_ABOUT_RETURN_TYPE = YES_ERROR;
				GCC_WARN_UNDECLARED_SELECTOR = YES;
				GCC_WARN_UNINITIALIZED_AUTOS = YES_AGGRESSIVE;
				GCC_WARN_UNUSED_FUNCTION = YES;
				GCC_WARN_UNUSED_VARIABLE = YES;
				IPHONEOS_DEPLOYMENT_TARGET = 14.2;
				MTL_ENABLE_DEBUG_INFO = NO;
				MTL_FAST_MATH = YES;
				SDKROOT = iphoneos;
				SWIFT_COMPILATION_MODE = wholemodule;
				SWIFT_OPTIMIZATION_LEVEL = "-O";
				VALIDATE_PRODUCT = YES;
			};
			name = Release;
		};
		D769AA65260E19FD00762FBF /* Debug */ = {
			isa = XCBuildConfiguration;
			buildSettings = {
				ASSETCATALOG_COMPILER_APPICON_NAME = AppIcon;
				ASSETCATALOG_COMPILER_GLOBAL_ACCENT_COLOR_NAME = AccentColor;
				CODE_SIGN_STYLE = Automatic;
				DEVELOPMENT_TEAM = V4B9WRAZKW;
				INFOPLIST_FILE = ReactiveSwiftConquer/Info.plist;
				LD_RUNPATH_SEARCH_PATHS = (
					"$(inherited)",
					"@executable_path/Frameworks",
				);
				PRODUCT_BUNDLE_IDENTIFIER = eu.rjch.ReactiveSwiftConquer;
				PRODUCT_NAME = "$(TARGET_NAME)";
				SWIFT_VERSION = 5.0;
				TARGETED_DEVICE_FAMILY = "1,2";
			};
			name = Debug;
		};
		D769AA66260E19FD00762FBF /* Release */ = {
			isa = XCBuildConfiguration;
			buildSettings = {
				ASSETCATALOG_COMPILER_APPICON_NAME = AppIcon;
				ASSETCATALOG_COMPILER_GLOBAL_ACCENT_COLOR_NAME = AccentColor;
				CODE_SIGN_STYLE = Automatic;
				DEVELOPMENT_TEAM = V4B9WRAZKW;
				INFOPLIST_FILE = ReactiveSwiftConquer/Info.plist;
				LD_RUNPATH_SEARCH_PATHS = (
					"$(inherited)",
					"@executable_path/Frameworks",
				);
				PRODUCT_BUNDLE_IDENTIFIER = eu.rjch.ReactiveSwiftConquer;
				PRODUCT_NAME = "$(TARGET_NAME)";
				SWIFT_VERSION = 5.0;
				TARGETED_DEVICE_FAMILY = "1,2";
			};
			name = Release;
		};
		D769AA68260E19FD00762FBF /* Debug */ = {
			isa = XCBuildConfiguration;
			buildSettings = {
				ALWAYS_EMBED_SWIFT_STANDARD_LIBRARIES = YES;
				BUNDLE_LOADER = "$(TEST_HOST)";
				CODE_SIGN_STYLE = Automatic;
				DEVELOPMENT_TEAM = V4B9WRAZKW;
				INFOPLIST_FILE = ReactiveSwiftConquerTests/Info.plist;
				IPHONEOS_DEPLOYMENT_TARGET = 14.2;
				LD_RUNPATH_SEARCH_PATHS = (
					"$(inherited)",
					"@executable_path/Frameworks",
					"@loader_path/Frameworks",
				);
				PRODUCT_BUNDLE_IDENTIFIER = eu.rjch.ReactiveSwiftConquerTests;
				PRODUCT_NAME = "$(TARGET_NAME)";
				SWIFT_VERSION = 5.0;
				TARGETED_DEVICE_FAMILY = "1,2";
				TEST_HOST = "$(BUILT_PRODUCTS_DIR)/ReactiveSwiftConquer.app/ReactiveSwiftConquer";
			};
			name = Debug;
		};
		D769AA69260E19FD00762FBF /* Release */ = {
			isa = XCBuildConfiguration;
			buildSettings = {
				ALWAYS_EMBED_SWIFT_STANDARD_LIBRARIES = YES;
				BUNDLE_LOADER = "$(TEST_HOST)";
				CODE_SIGN_STYLE = Automatic;
				DEVELOPMENT_TEAM = V4B9WRAZKW;
				INFOPLIST_FILE = ReactiveSwiftConquerTests/Info.plist;
				IPHONEOS_DEPLOYMENT_TARGET = 14.2;
				LD_RUNPATH_SEARCH_PATHS = (
					"$(inherited)",
					"@executable_path/Frameworks",
					"@loader_path/Frameworks",
				);
				PRODUCT_BUNDLE_IDENTIFIER = eu.rjch.ReactiveSwiftConquerTests;
				PRODUCT_NAME = "$(TARGET_NAME)";
				SWIFT_VERSION = 5.0;
				TARGETED_DEVICE_FAMILY = "1,2";
				TEST_HOST = "$(BUILT_PRODUCTS_DIR)/ReactiveSwiftConquer.app/ReactiveSwiftConquer";
			};
			name = Release;
		};
		D769AA6B260E19FD00762FBF /* Debug */ = {
			isa = XCBuildConfiguration;
			buildSettings = {
				ALWAYS_EMBED_SWIFT_STANDARD_LIBRARIES = YES;
				CODE_SIGN_STYLE = Automatic;
				DEVELOPMENT_TEAM = V4B9WRAZKW;
				INFOPLIST_FILE = ReactiveSwiftConquerUITests/Info.plist;
				LD_RUNPATH_SEARCH_PATHS = (
					"$(inherited)",
					"@executable_path/Frameworks",
					"@loader_path/Frameworks",
				);
				PRODUCT_BUNDLE_IDENTIFIER = eu.rjch.ReactiveSwiftConquerUITests;
				PRODUCT_NAME = "$(TARGET_NAME)";
				SWIFT_VERSION = 5.0;
				TARGETED_DEVICE_FAMILY = "1,2";
				TEST_TARGET_NAME = ReactiveSwiftConquer;
			};
			name = Debug;
		};
		D769AA6C260E19FD00762FBF /* Release */ = {
			isa = XCBuildConfiguration;
			buildSettings = {
				ALWAYS_EMBED_SWIFT_STANDARD_LIBRARIES = YES;
				CODE_SIGN_STYLE = Automatic;
				DEVELOPMENT_TEAM = V4B9WRAZKW;
				INFOPLIST_FILE = ReactiveSwiftConquerUITests/Info.plist;
				LD_RUNPATH_SEARCH_PATHS = (
					"$(inherited)",
					"@executable_path/Frameworks",
					"@loader_path/Frameworks",
				);
				PRODUCT_BUNDLE_IDENTIFIER = eu.rjch.ReactiveSwiftConquerUITests;
				PRODUCT_NAME = "$(TARGET_NAME)";
				SWIFT_VERSION = 5.0;
				TARGETED_DEVICE_FAMILY = "1,2";
				TEST_TARGET_NAME = ReactiveSwiftConquer;
			};
			name = Release;
		};
/* End XCBuildConfiguration section */

/* Begin XCConfigurationList section */
		D769AA35260E19F900762FBF /* Build configuration list for PBXProject "ReactiveSwiftConquer" */ = {
			isa = XCConfigurationList;
			buildConfigurations = (
				D769AA62260E19FD00762FBF /* Debug */,
				D769AA63260E19FD00762FBF /* Release */,
			);
			defaultConfigurationIsVisible = 0;
			defaultConfigurationName = Release;
		};
		D769AA64260E19FD00762FBF /* Build configuration list for PBXNativeTarget "ReactiveSwiftConquer" */ = {
			isa = XCConfigurationList;
			buildConfigurations = (
				D769AA65260E19FD00762FBF /* Debug */,
				D769AA66260E19FD00762FBF /* Release */,
			);
			defaultConfigurationIsVisible = 0;
			defaultConfigurationName = Release;
		};
		D769AA67260E19FD00762FBF /* Build configuration list for PBXNativeTarget "ReactiveSwiftConquerTests" */ = {
			isa = XCConfigurationList;
			buildConfigurations = (
				D769AA68260E19FD00762FBF /* Debug */,
				D769AA69260E19FD00762FBF /* Release */,
			);
			defaultConfigurationIsVisible = 0;
			defaultConfigurationName = Release;
		};
		D769AA6A260E19FD00762FBF /* Build configuration list for PBXNativeTarget "ReactiveSwiftConquerUITests" */ = {
			isa = XCConfigurationList;
			buildConfigurations = (
				D769AA6B260E19FD00762FBF /* Debug */,
				D769AA6C260E19FD00762FBF /* Release */,
			);
			defaultConfigurationIsVisible = 0;
			defaultConfigurationName = Release;
		};
/* End XCConfigurationList section */
	};
	rootObject = D769AA32260E19F900762FBF /* Project object */;
}
